<?xml version="1.0" encoding="utf-8"?>
<Project ToolsVersion="4.0" xmlns="http://schemas.microsoft.com/developer/msbuild/2003">
  <ItemGroup>
    <Filter Include="Source Files">
      <UniqueIdentifier>{4FC737F1-C7A5-4376-A066-2A32D752A2FF}</UniqueIdentifier>
      <Extensions>cpp;c;cc;cxx;c++;cppm;ixx;def;odl;idl;hpj;bat;asm;asmx</Extensions>
    </Filter>
    <Filter Include="Header Files">
      <UniqueIdentifier>{93995380-89BD-4b04-88EB-625FBE52EBFB}</UniqueIdentifier>
      <Extensions>h;hh;hpp;hxx;h++;hm;inl;inc;ipp;xsd</Extensions>
    </Filter>
    <Filter Include="Resource Files">
      <UniqueIdentifier>{67DA6AB6-F800-4c08-8B7A-83BB121AAD01}</UniqueIdentifier>
      <Extensions>rc;ico;cur;bmp;dlg;rc2;rct;bin;rgs;gif;jpg;jpeg;jpe;resx;tiff;tif;png;wav;mfcribbon-ms</Extensions>
    </Filter>
    <Filter Include="Resource Files\Textures">
      <UniqueIdentifier>{3da65a99-df86-4888-8546-028978a65259}</UniqueIdentifier>
    </Filter>
    <Filter Include="Resource Files\SaveData">
      <UniqueIdentifier>{a83eaa7e-aebe-4547-b679-8a522f2d99fe}</UniqueIdentifier>
    </Filter>
    <Filter Include="Resource Files\External Libs">
      <UniqueIdentifier>{d1ccc6a3-ec3b-4ea9-99fc-bf49a009fec5}</UniqueIdentifier>
    </Filter>
  </ItemGroup>
  <ItemGroup>
    <ClCompile Include="main.cpp">
      <Filter>Source Files</Filter>
    </ClCompile>
  </ItemGroup>
  <ItemGroup>
    <ClInclude Include="resource.h">
      <Filter>Header Files</Filter>
    </ClInclude>
  </ItemGroup>
  <ItemGroup>
    <ResourceCompile Include="SDL3_Image_Test.rc">
      <Filter>Resource Files</Filter>
    </ResourceCompile>
  </ItemGroup>
  <ItemGroup>
    <Image Include="IMGView_Icon.ico">
      <Filter>Resource Files</Filter>
    </Image>
    <Image Include="data\Null.png">
      <Filter>Resource Files\Textures</Filter>
    </Image>
  </ItemGroup>
  <ItemGroup>
    <Text Include="data\savedata.txt">
      <Filter>Resource Files\SaveData</Filter>
    </Text>
  </ItemGroup>
  <ItemGroup>
    <None Include="SDL3_image.dll">
      <Filter>Resource Files\External Libs</Filter>
    </None>
    <None Include="SDL3.dll">
      <Filter>Resource Files\External Libs</Filter>
    </None>
  </ItemGroup>
</Project>